
Microsoft Visual Studio Solution File, Format Version 12.00
# Visual Studio 15
Project("{FAE04EC0-301F-11D3-BF4B-00C04F79EFBC}") = "AR User Interface", "Assembly-CSharp.csproj", "{EB53B29E-708B-9DC4-C334-5E5F89E9CB37}"
EndProject
Project("{FAE04EC0-301F-11D3-BF4B-00C04F79EFBC}") = "AR User Interface", "Assembly-CSharp-Editor.csproj", "{F7830401-D9B6-4F87-3E14-09CDF0B77E87}"
EndProject
Global
	GlobalSection(SolutionConfigurationPlatforms) = preSolution
		Debug|Any CPU = Debug|Any CPU
		Release|Any CPU = Release|Any CPU
	EndGlobalSection
	GlobalSection(ProjectConfigurationPlatforms) = postSolution
		{EB53B29E-708B-9DC4-C334-5E5F89E9CB37}.Debug|Any CPU.ActiveCfg = Debug|Any CPU
		{EB53B29E-708B-9DC4-C334-5E5F89E9CB37}.Debug|Any CPU.Build.0 = Debug|Any CPU
		{EB53B29E-708B-9DC4-C334-5E5F89E9CB37}.Release|Any CPU.ActiveCfg = Release|Any CPU
		{EB53B29E-708B-9DC4-C334-5E5F89E9CB37}.Release|Any CPU.Build.0 = Release|Any CPU
		{F7830401-D9B6-4F87-3E14-09CDF0B77E87}.Debug|Any CPU.ActiveCfg = Debug|Any CPU
		{F7830401-D9B6-4F87-3E14-09CDF0B77E87}.Debug|Any CPU.Build.0 = Debug|Any CPU
		{F7830401-D9B6-4F87-3E14-09CDF0B77E87}.Release|Any CPU.ActiveCfg = Release|Any CPU
		{F7830401-D9B6-4F87-3E14-09CDF0B77E87}.Release|Any CPU.Build.0 = Release|Any CPU
	EndGlobalSection
	GlobalSection(SolutionProperties) = preSolution
		HideSolutionNode = FALSE
	EndGlobalSection
EndGlobal
